
Microsoft Visual Studio Solution File, Format Version 12.00
# Visual Studio 15
VisualStudioVersion = 15.0.26730.8
MinimumVisualStudioVersion = 10.0.40219.1
Project("{FAE04EC0-301F-11D3-BF4B-00C04F79EFBC}") = "Clases Abstractas", "Clases Abstractas\Clases Abstractas.csproj", "{345586BE-7E3C-44B0-9E79-81E63B5900E3}"
EndProject
Project("{FAE04EC0-301F-11D3-BF4B-00C04F79EFBC}") = "Excepciones", "Excepciones\Excepciones.csproj", "{8D78346D-2017-4665-8621-91178472F446}"
EndProject
Project("{FAE04EC0-301F-11D3-BF4B-00C04F79EFBC}") = "Clases Instanciables", "Clases Instanciables\Clases Instanciables.csproj", "{9BEACCD6-865C-498C-9CBD-C7A64A058C07}"
EndProject
Project("{FAE04EC0-301F-11D3-BF4B-00C04F79EFBC}") = "Archivos", "Archivos\Archivos.csproj", "{EE43F81A-441B-492C-AD37-A9C3772C0C90}"
EndProject
Project("{FAE04EC0-301F-11D3-BF4B-00C04F79EFBC}") = "Principal", "TP3\Principal.csproj", "{BD021CFE-F24F-4D7C-BB64-4F8B2BB00D33}"
EndProject
Project("{FAE04EC0-301F-11D3-BF4B-00C04F79EFBC}") = "TestTipoUnitarios", "TestTipoUnitarios\TestTipoUnitarios.csproj", "{CA53767A-9CAF-4AD0-9893-B780D070BFA8}"
EndProject
Global
	GlobalSection(SolutionConfigurationPlatforms) = preSolution
		Debug|Any CPU = Debug|Any CPU
		Release|Any CPU = Release|Any CPU
	EndGlobalSection
	GlobalSection(ProjectConfigurationPlatforms) = postSolution
		{345586BE-7E3C-44B0-9E79-81E63B5900E3}.Debug|Any CPU.ActiveCfg = Debug|Any CPU
		{345586BE-7E3C-44B0-9E79-81E63B5900E3}.Debug|Any CPU.Build.0 = Debug|Any CPU
		{345586BE-7E3C-44B0-9E79-81E63B5900E3}.Release|Any CPU.ActiveCfg = Release|Any CPU
		{345586BE-7E3C-44B0-9E79-81E63B5900E3}.Release|Any CPU.Build.0 = Release|Any CPU
		{8D78346D-2017-4665-8621-91178472F446}.Debug|Any CPU.ActiveCfg = Debug|Any CPU
		{8D78346D-2017-4665-8621-91178472F446}.Debug|Any CPU.Build.0 = Debug|Any CPU
		{8D78346D-2017-4665-8621-91178472F446}.Release|Any CPU.ActiveCfg = Release|Any CPU
		{8D78346D-2017-4665-8621-91178472F446}.Release|Any CPU.Build.0 = Release|Any CPU
		{9BEACCD6-865C-498C-9CBD-C7A64A058C07}.Debug|Any CPU.ActiveCfg = Debug|Any CPU
		{9BEACCD6-865C-498C-9CBD-C7A64A058C07}.Debug|Any CPU.Build.0 = Debug|Any CPU
		{9BEACCD6-865C-498C-9CBD-C7A64A058C07}.Release|Any CPU.ActiveCfg = Release|Any CPU
		{9BEACCD6-865C-498C-9CBD-C7A64A058C07}.Release|Any CPU.Build.0 = Release|Any CPU
		{EE43F81A-441B-492C-AD37-A9C3772C0C90}.Debug|Any CPU.ActiveCfg = Debug|Any CPU
		{EE43F81A-441B-492C-AD37-A9C3772C0C90}.Debug|Any CPU.Build.0 = Debug|Any CPU
		{EE43F81A-441B-492C-AD37-A9C3772C0C90}.Release|Any CPU.ActiveCfg = Release|Any CPU
		{EE43F81A-441B-492C-AD37-A9C3772C0C90}.Release|Any CPU.Build.0 = Release|Any CPU
		{BD021CFE-F24F-4D7C-BB64-4F8B2BB00D33}.Debug|Any CPU.ActiveCfg = Debug|Any CPU
		{BD021CFE-F24F-4D7C-BB64-4F8B2BB00D33}.Debug|Any CPU.Build.0 = Debug|Any CPU
		{BD021CFE-F24F-4D7C-BB64-4F8B2BB00D33}.Release|Any CPU.ActiveCfg = Release|Any CPU
		{BD021CFE-F24F-4D7C-BB64-4F8B2BB00D33}.Release|Any CPU.Build.0 = Release|Any CPU
		{CA53767A-9CAF-4AD0-9893-B780D070BFA8}.Debug|Any CPU.ActiveCfg = Debug|Any CPU
		{CA53767A-9CAF-4AD0-9893-B780D070BFA8}.Debug|Any CPU.Build.0 = Debug|Any CPU
		{CA53767A-9CAF-4AD0-9893-B780D070BFA8}.Release|Any CPU.ActiveCfg = Release|Any CPU
		{CA53767A-9CAF-4AD0-9893-B780D070BFA8}.Release|Any CPU.Build.0 = Release|Any CPU
	EndGlobalSection
	GlobalSection(SolutionProperties) = preSolution
		HideSolutionNode = FALSE
	EndGlobalSection
	GlobalSection(ExtensibilityGlobals) = postSolution
		SolutionGuid = {389C2690-6151-4E1C-9D3A-1BDD0C08BDC4}
	EndGlobalSection
EndGlobal
